// !$*UTF8*$!
{
	archiveVersion = 1;
	classes = {
	};
	objectVersion = 56;
	objects = {

/* Begin PBXBuildFile section */
		9E3DDE932BDD43F20003C234 /* DashboardChartsView.swift in Sources */ = {isa = PBXBuildFile; fileRef = 9E3DDE922BDD43F20003C234 /* DashboardChartsView.swift */; };
		9E3DDE952BDD46F60003C234 /* DailyValueResponse.swift in Sources */ = {isa = PBXBuildFile; fileRef = 9E3DDE942BDD46F60003C234 /* DailyValueResponse.swift */; };
		9E3DDE972BDD47540003C234 /* Dictionary+Ext.swift in Sources */ = {isa = PBXBuildFile; fileRef = 9E3DDE962BDD47540003C234 /* Dictionary+Ext.swift */; };
		9E4473DF2BDFB26F0028DD5B /* Array+Ext.swift in Sources */ = {isa = PBXBuildFile; fileRef = 9E4473DE2BDFB26F0028DD5B /* Array+Ext.swift */; };
		9E4473E12BDFC5DA0028DD5B /* DashboardCharts.swift in Sources */ = {isa = PBXBuildFile; fileRef = 9E4473E02BDFC5DA0028DD5B /* DashboardCharts.swift */; };
		9E4473E32BDFD7540028DD5B /* DashboardValue.swift in Sources */ = {isa = PBXBuildFile; fileRef = 9E4473E22BDFD7540028DD5B /* DashboardValue.swift */; };
		9E4473E52BDFDC8D0028DD5B /* DashboardTopBar.swift in Sources */ = {isa = PBXBuildFile; fileRef = 9E4473E42BDFDC8D0028DD5B /* DashboardTopBar.swift */; };
		9E4473E72BDFE1600028DD5B /* ComposableArchitecture in Frameworks */ = {isa = PBXBuildFile; productRef = 9E4473E62BDFE1600028DD5B /* ComposableArchitecture */; };
		9E4473E92BDFE18A0028DD5B /* ComposableArchitecture in Frameworks */ = {isa = PBXBuildFile; productRef = 9E4473E82BDFE18A0028DD5B /* ComposableArchitecture */; };
		9E544FE02BDBC76000212FF6 /* FamilyDistributionBoxView.swift in Sources */ = {isa = PBXBuildFile; fileRef = 9E544FDF2BDBC76000212FF6 /* FamilyDistributionBoxView.swift */; };
		9E544FE32BDBCEC000212FF6 /* RoundedBoxStyle.swift in Sources */ = {isa = PBXBuildFile; fileRef = 9E544FE22BDBCEC000212FF6 /* RoundedBoxStyle.swift */; };
		9E5A9B522BE3B70F0020E9CC /* DashboardChartsType.swift in Sources */ = {isa = PBXBuildFile; fileRef = 9E5A9B512BE3B70F0020E9CC /* DashboardChartsType.swift */; };
		9E5A9B5C2BE3BACE0020E9CC /* DashboardChartsClient.swift in Sources */ = {isa = PBXBuildFile; fileRef = 9E5A9B5B2BE3BACE0020E9CC /* DashboardChartsClient.swift */; };
		9E5A9B642BE3D6C00020E9CC /* SettingsView.swift in Sources */ = {isa = PBXBuildFile; fileRef = 9E5A9B632BE3D6C00020E9CC /* SettingsView.swift */; };
		9E5A9B662BE3DE1C0020E9CC /* Bundle+Ext.swift in Sources */ = {isa = PBXBuildFile; fileRef = 9E5A9B652BE3DE1C0020E9CC /* Bundle+Ext.swift */; };
		9E5A9B682BE3E10B0020E9CC /* DashboardSettings.swift in Sources */ = {isa = PBXBuildFile; fileRef = 9E5A9B672BE3E10B0020E9CC /* DashboardSettings.swift */; };
		9E6447D92BDA4210005446BA /* ComposableArchitecture in Frameworks */ = {isa = PBXBuildFile; productRef = 9E6447D82BDA4210005446BA /* ComposableArchitecture */; };
		9E6447FC2BDAA004005446BA /* DashboardValueBoxView.swift in Sources */ = {isa = PBXBuildFile; fileRef = 9E6447FB2BDAA004005446BA /* DashboardValueBoxView.swift */; };
		9E6447FE2BDAA42D005446BA /* DashboardValueType.swift in Sources */ = {isa = PBXBuildFile; fileRef = 9E6447FD2BDAA42D005446BA /* DashboardValueType.swift */; };
		9E728A712BD367510045FF15 /* BibbiAdminApp.swift in Sources */ = {isa = PBXBuildFile; fileRef = 9E728A702BD367510045FF15 /* BibbiAdminApp.swift */; };
		9E728A752BD367530045FF15 /* Assets.xcassets in Resources */ = {isa = PBXBuildFile; fileRef = 9E728A742BD367530045FF15 /* Assets.xcassets */; };
		9E728A782BD367530045FF15 /* Preview Assets.xcassets in Resources */ = {isa = PBXBuildFile; fileRef = 9E728A772BD367530045FF15 /* Preview Assets.xcassets */; };
		9E728A812BD368140045FF15 /* DashboardView.swift in Sources */ = {isa = PBXBuildFile; fileRef = 9E728A802BD368140045FF15 /* DashboardView.swift */; };
		9E728A872BD368750045FF15 /* AdminDashboardResponse.swift in Sources */ = {isa = PBXBuildFile; fileRef = 9E728A862BD368750045FF15 /* AdminDashboardResponse.swift */; };
		9E728A8A2BD368850045FF15 /* String+Ext.swift in Sources */ = {isa = PBXBuildFile; fileRef = 9E728A892BD368850045FF15 /* String+Ext.swift */; };
		9E728A8D2BD368AC0045FF15 /* API.swift in Sources */ = {isa = PBXBuildFile; fileRef = 9E728A8C2BD368AC0045FF15 /* API.swift */; };
		9E728A902BD368B70045FF15 /* APIService.swift in Sources */ = {isa = PBXBuildFile; fileRef = 9E728A8F2BD368B70045FF15 /* APIService.swift */; };
		9E728A942BD36FC00045FF15 /* BibbiString.swift in Sources */ = {isa = PBXBuildFile; fileRef = 9E728A932BD36FC00045FF15 /* BibbiString.swift */; };
		9E728A9E2BD37D080045FF15 /* APIConfig.swift in Sources */ = {isa = PBXBuildFile; fileRef = 9E728A9D2BD37D080045FF15 /* APIConfig.swift */; };
		9E728AA02BD37D1D0045FF15 /* APIConfigType.swift in Sources */ = {isa = PBXBuildFile; fileRef = 9E728A9F2BD37D1D0045FF15 /* APIConfigType.swift */; };
		9E728AA22BD37DD60045FF15 /* APIServiceType.swift in Sources */ = {isa = PBXBuildFile; fileRef = 9E728AA12BD37DD60045FF15 /* APIServiceType.swift */; };
		9E728AA42BD383330045FF15 /* APISpec.swift in Sources */ = {isa = PBXBuildFile; fileRef = 9E728AA32BD383330045FF15 /* APISpec.swift */; };
		9E728AA62BD391AF0045FF15 /* URLRequest+Ext.swift in Sources */ = {isa = PBXBuildFile; fileRef = 9E728AA52BD391AF0045FF15 /* URLRequest+Ext.swift */; };
		9E728AAA2BD392210045FF15 /* DashboardAPIs.swift in Sources */ = {isa = PBXBuildFile; fileRef = 9E728AA92BD392210045FF15 /* DashboardAPIs.swift */; };
		9E728AAC2BD3922A0045FF15 /* DashboardAPIService.swift in Sources */ = {isa = PBXBuildFile; fileRef = 9E728AAB2BD3922A0045FF15 /* DashboardAPIService.swift */; };
		9E728AAE2BD393AF0045FF15 /* DashboardValueResponse.swift in Sources */ = {isa = PBXBuildFile; fileRef = 9E728AAD2BD393AF0045FF15 /* DashboardValueResponse.swift */; };
		9E728AB02BD393BE0045FF15 /* DashboardDistributionResponse.swift in Sources */ = {isa = PBXBuildFile; fileRef = 9E728AAF2BD393BE0045FF15 /* DashboardDistributionResponse.swift */; };
		9E728AB22BD395C30045FF15 /* AdminDailyDashboardResponse.swift in Sources */ = {isa = PBXBuildFile; fileRef = 9E728AB12BD395C30045FF15 /* AdminDailyDashboardResponse.swift */; };
		9E728AB62BD3AD9E0045FF15 /* Date+Ext.swift in Sources */ = {isa = PBXBuildFile; fileRef = 9E728AB52BD3AD9E0045FF15 /* Date+Ext.swift */; };
		9E728ABB2BD3ECE00045FF15 /* DashboardTopBarView.swift in Sources */ = {isa = PBXBuildFile; fileRef = 9E728ABA2BD3ECE00045FF15 /* DashboardTopBarView.swift */; };
		9E728B532BDA0AF60045FF15 /* Dashboard.swift in Sources */ = {isa = PBXBuildFile; fileRef = 9E728B522BDA0AF60045FF15 /* Dashboard.swift */; };
		9E728B552BDA0FB10045FF15 /* Data+Ext.swift in Sources */ = {isa = PBXBuildFile; fileRef = 9E728B542BDA0FB10045FF15 /* Data+Ext.swift */; };
		9E728B582BDA115A0045FF15 /* DashboardAPIClient.swift in Sources */ = {isa = PBXBuildFile; fileRef = 9E728B572BDA115A0045FF15 /* DashboardAPIClient.swift */; };
/* End PBXBuildFile section */

/* Begin PBXFileReference section */
		9E3DDE922BDD43F20003C234 /* DashboardChartsView.swift */ = {isa = PBXFileReference; lastKnownFileType = sourcecode.swift; path = DashboardChartsView.swift; sourceTree = "<group>"; };
		9E3DDE942BDD46F60003C234 /* DailyValueResponse.swift */ = {isa = PBXFileReference; lastKnownFileType = sourcecode.swift; path = DailyValueResponse.swift; sourceTree = "<group>"; };
		9E3DDE962BDD47540003C234 /* Dictionary+Ext.swift */ = {isa = PBXFileReference; lastKnownFileType = sourcecode.swift; path = "Dictionary+Ext.swift"; sourceTree = "<group>"; };
		9E4473DE2BDFB26F0028DD5B /* Array+Ext.swift */ = {isa = PBXFileReference; lastKnownFileType = sourcecode.swift; path = "Array+Ext.swift"; sourceTree = "<group>"; };
		9E4473E02BDFC5DA0028DD5B /* DashboardCharts.swift */ = {isa = PBXFileReference; lastKnownFileType = sourcecode.swift; path = DashboardCharts.swift; sourceTree = "<group>"; };
		9E4473E22BDFD7540028DD5B /* DashboardValue.swift */ = {isa = PBXFileReference; lastKnownFileType = sourcecode.swift; path = DashboardValue.swift; sourceTree = "<group>"; };
		9E4473E42BDFDC8D0028DD5B /* DashboardTopBar.swift */ = {isa = PBXFileReference; lastKnownFileType = sourcecode.swift; path = DashboardTopBar.swift; sourceTree = "<group>"; };
		9E544FDF2BDBC76000212FF6 /* FamilyDistributionBoxView.swift */ = {isa = PBXFileReference; lastKnownFileType = sourcecode.swift; path = FamilyDistributionBoxView.swift; sourceTree = "<group>"; };
		9E544FE22BDBCEC000212FF6 /* RoundedBoxStyle.swift */ = {isa = PBXFileReference; lastKnownFileType = sourcecode.swift; path = RoundedBoxStyle.swift; sourceTree = "<group>"; };
		9E5A9B512BE3B70F0020E9CC /* DashboardChartsType.swift */ = {isa = PBXFileReference; lastKnownFileType = sourcecode.swift; path = DashboardChartsType.swift; sourceTree = "<group>"; };
		9E5A9B5B2BE3BACE0020E9CC /* DashboardChartsClient.swift */ = {isa = PBXFileReference; lastKnownFileType = sourcecode.swift; path = DashboardChartsClient.swift; sourceTree = "<group>"; };
		9E5A9B632BE3D6C00020E9CC /* SettingsView.swift */ = {isa = PBXFileReference; lastKnownFileType = sourcecode.swift; path = SettingsView.swift; sourceTree = "<group>"; };
		9E5A9B652BE3DE1C0020E9CC /* Bundle+Ext.swift */ = {isa = PBXFileReference; lastKnownFileType = sourcecode.swift; path = "Bundle+Ext.swift"; sourceTree = "<group>"; };
		9E5A9B672BE3E10B0020E9CC /* DashboardSettings.swift */ = {isa = PBXFileReference; lastKnownFileType = sourcecode.swift; path = DashboardSettings.swift; sourceTree = "<group>"; };
		9E6447FB2BDAA004005446BA /* DashboardValueBoxView.swift */ = {isa = PBXFileReference; lastKnownFileType = sourcecode.swift; path = DashboardValueBoxView.swift; sourceTree = "<group>"; };
		9E6447FD2BDAA42D005446BA /* DashboardValueType.swift */ = {isa = PBXFileReference; lastKnownFileType = sourcecode.swift; path = DashboardValueType.swift; sourceTree = "<group>"; };
		9E728A6D2BD367510045FF15 /* BibbiAdmin.app */ = {isa = PBXFileReference; explicitFileType = wrapper.application; includeInIndex = 0; path = BibbiAdmin.app; sourceTree = BUILT_PRODUCTS_DIR; };
		9E728A702BD367510045FF15 /* BibbiAdminApp.swift */ = {isa = PBXFileReference; lastKnownFileType = sourcecode.swift; path = BibbiAdminApp.swift; sourceTree = "<group>"; };
		9E728A742BD367530045FF15 /* Assets.xcassets */ = {isa = PBXFileReference; lastKnownFileType = folder.assetcatalog; path = Assets.xcassets; sourceTree = "<group>"; };
		9E728A772BD367530045FF15 /* Preview Assets.xcassets */ = {isa = PBXFileReference; lastKnownFileType = folder.assetcatalog; path = "Preview Assets.xcassets"; sourceTree = "<group>"; };
		9E728A802BD368140045FF15 /* DashboardView.swift */ = {isa = PBXFileReference; lastKnownFileType = sourcecode.swift; path = DashboardView.swift; sourceTree = "<group>"; };
		9E728A862BD368750045FF15 /* AdminDashboardResponse.swift */ = {isa = PBXFileReference; lastKnownFileType = sourcecode.swift; path = AdminDashboardResponse.swift; sourceTree = "<group>"; };
		9E728A892BD368850045FF15 /* String+Ext.swift */ = {isa = PBXFileReference; lastKnownFileType = sourcecode.swift; path = "String+Ext.swift"; sourceTree = "<group>"; };
		9E728A8C2BD368AC0045FF15 /* API.swift */ = {isa = PBXFileReference; lastKnownFileType = sourcecode.swift; path = API.swift; sourceTree = "<group>"; };
		9E728A8F2BD368B70045FF15 /* APIService.swift */ = {isa = PBXFileReference; lastKnownFileType = sourcecode.swift; path = APIService.swift; sourceTree = "<group>"; };
		9E728A932BD36FC00045FF15 /* BibbiString.swift */ = {isa = PBXFileReference; lastKnownFileType = sourcecode.swift; path = BibbiString.swift; sourceTree = "<group>"; };
		9E728A9D2BD37D080045FF15 /* APIConfig.swift */ = {isa = PBXFileReference; lastKnownFileType = sourcecode.swift; path = APIConfig.swift; sourceTree = "<group>"; };
		9E728A9F2BD37D1D0045FF15 /* APIConfigType.swift */ = {isa = PBXFileReference; lastKnownFileType = sourcecode.swift; path = APIConfigType.swift; sourceTree = "<group>"; };
		9E728AA12BD37DD60045FF15 /* APIServiceType.swift */ = {isa = PBXFileReference; lastKnownFileType = sourcecode.swift; path = APIServiceType.swift; sourceTree = "<group>"; };
		9E728AA32BD383330045FF15 /* APISpec.swift */ = {isa = PBXFileReference; lastKnownFileType = sourcecode.swift; path = APISpec.swift; sourceTree = "<group>"; };
		9E728AA52BD391AF0045FF15 /* URLRequest+Ext.swift */ = {isa = PBXFileReference; lastKnownFileType = sourcecode.swift; path = "URLRequest+Ext.swift"; sourceTree = "<group>"; };
		9E728AA92BD392210045FF15 /* DashboardAPIs.swift */ = {isa = PBXFileReference; lastKnownFileType = sourcecode.swift; path = DashboardAPIs.swift; sourceTree = "<group>"; };
		9E728AAB2BD3922A0045FF15 /* DashboardAPIService.swift */ = {isa = PBXFileReference; lastKnownFileType = sourcecode.swift; path = DashboardAPIService.swift; sourceTree = "<group>"; };
		9E728AAD2BD393AF0045FF15 /* DashboardValueResponse.swift */ = {isa = PBXFileReference; lastKnownFileType = sourcecode.swift; path = DashboardValueResponse.swift; sourceTree = "<group>"; };
		9E728AAF2BD393BE0045FF15 /* DashboardDistributionResponse.swift */ = {isa = PBXFileReference; lastKnownFileType = sourcecode.swift; path = DashboardDistributionResponse.swift; sourceTree = "<group>"; };
		9E728AB12BD395C30045FF15 /* AdminDailyDashboardResponse.swift */ = {isa = PBXFileReference; lastKnownFileType = sourcecode.swift; path = AdminDailyDashboardResponse.swift; sourceTree = "<group>"; };
		9E728AB52BD3AD9E0045FF15 /* Date+Ext.swift */ = {isa = PBXFileReference; lastKnownFileType = sourcecode.swift; path = "Date+Ext.swift"; sourceTree = "<group>"; };
		9E728ABA2BD3ECE00045FF15 /* DashboardTopBarView.swift */ = {isa = PBXFileReference; lastKnownFileType = sourcecode.swift; path = DashboardTopBarView.swift; sourceTree = "<group>"; };
		9E728B522BDA0AF60045FF15 /* Dashboard.swift */ = {isa = PBXFileReference; lastKnownFileType = sourcecode.swift; path = Dashboard.swift; sourceTree = "<group>"; };
		9E728B542BDA0FB10045FF15 /* Data+Ext.swift */ = {isa = PBXFileReference; lastKnownFileType = sourcecode.swift; path = "Data+Ext.swift"; sourceTree = "<group>"; };
		9E728B572BDA115A0045FF15 /* DashboardAPIClient.swift */ = {isa = PBXFileReference; lastKnownFileType = sourcecode.swift; path = DashboardAPIClient.swift; sourceTree = "<group>"; };
/* End PBXFileReference section */

/* Begin PBXFrameworksBuildPhase section */
		9E728A6A2BD367510045FF15 /* Frameworks */ = {
			isa = PBXFrameworksBuildPhase;
			buildActionMask = 2147483647;
			files = (
				9E4473E72BDFE1600028DD5B /* ComposableArchitecture in Frameworks */,
				9E6447D92BDA4210005446BA /* ComposableArchitecture in Frameworks */,
				9E4473E92BDFE18A0028DD5B /* ComposableArchitecture in Frameworks */,
			);
			runOnlyForDeploymentPostprocessing = 0;
		};
/* End PBXFrameworksBuildPhase section */

/* Begin PBXGroup section */
		9E544FE12BDBCE9D00212FF6 /* Modifiers */ = {
			isa = PBXGroup;
			children = (
				9E544FE22BDBCEC000212FF6 /* RoundedBoxStyle.swift */,
			);
			path = Modifiers;
			sourceTree = "<group>";
		};
		9E5A9B5F2BE3D6A50020E9CC /* Views */ = {
			isa = PBXGroup;
			children = (
				9E728ABA2BD3ECE00045FF15 /* DashboardTopBarView.swift */,
				9E728A802BD368140045FF15 /* DashboardView.swift */,
				9E6447FB2BDAA004005446BA /* DashboardValueBoxView.swift */,
				9E544FDF2BDBC76000212FF6 /* FamilyDistributionBoxView.swift */,
				9E3DDE922BDD43F20003C234 /* DashboardChartsView.swift */,
			);
			path = Views;
			sourceTree = "<group>";
		};
		9E5A9B602BE3D6B00020E9CC /* Settings */ = {
			isa = PBXGroup;
			children = (
				9E5A9B622BE3D6B80020E9CC /* Views */,
				9E5A9B612BE3D6B40020E9CC /* Features */,
			);
			path = Settings;
			sourceTree = "<group>";
		};
		9E5A9B612BE3D6B40020E9CC /* Features */ = {
			isa = PBXGroup;
			children = (
				9E5A9B672BE3E10B0020E9CC /* DashboardSettings.swift */,
			);
			path = Features;
			sourceTree = "<group>";
		};
		9E5A9B622BE3D6B80020E9CC /* Views */ = {
			isa = PBXGroup;
			children = (
				9E5A9B632BE3D6C00020E9CC /* SettingsView.swift */,
			);
			path = Views;
			sourceTree = "<group>";
		};
		9E728A642BD367510045FF15 = {
			isa = PBXGroup;
			children = (
				9E728A6F2BD367510045FF15 /* BibbiAdmin */,
				9E728A6E2BD367510045FF15 /* Products */,
			);
			sourceTree = "<group>";
		};
		9E728A6E2BD367510045FF15 /* Products */ = {
			isa = PBXGroup;
			children = (
				9E728A6D2BD367510045FF15 /* BibbiAdmin.app */,
			);
			name = Products;
			sourceTree = "<group>";
		};
		9E728A6F2BD367510045FF15 /* BibbiAdmin */ = {
			isa = PBXGroup;
			children = (
				9E728A702BD367510045FF15 /* BibbiAdminApp.swift */,
				9E728AA82BD392150045FF15 /* Helpers */,
				9E728A8B2BD368980045FF15 /* API */,
				9E728A852BD368460045FF15 /* Models */,
				9E728A7E2BD367F40045FF15 /* Views */,
				9E728A742BD367530045FF15 /* Assets.xcassets */,
				9E728A762BD367530045FF15 /* Preview Content */,
			);
			path = BibbiAdmin;
			sourceTree = "<group>";
		};
		9E728A762BD367530045FF15 /* Preview Content */ = {
			isa = PBXGroup;
			children = (
				9E728A772BD367530045FF15 /* Preview Assets.xcassets */,
			);
			path = "Preview Content";
			sourceTree = "<group>";
		};
		9E728A7E2BD367F40045FF15 /* Views */ = {
			isa = PBXGroup;
			children = (
				9E5A9B602BE3D6B00020E9CC /* Settings */,
				9E728A7F2BD3680B0045FF15 /* Dashboard */,
			);
			path = Views;
			sourceTree = "<group>";
		};
		9E728A7F2BD3680B0045FF15 /* Dashboard */ = {
			isa = PBXGroup;
			children = (
				9E728B5B2BDA16410045FF15 /* Features */,
				9E5A9B5F2BE3D6A50020E9CC /* Views */,
			);
			path = Dashboard;
			sourceTree = "<group>";
		};
		9E728A852BD368460045FF15 /* Models */ = {
			isa = PBXGroup;
			children = (
				9E728A862BD368750045FF15 /* AdminDashboardResponse.swift */,
				9E728AAD2BD393AF0045FF15 /* DashboardValueResponse.swift */,
				9E728AAF2BD393BE0045FF15 /* DashboardDistributionResponse.swift */,
				9E728AB12BD395C30045FF15 /* AdminDailyDashboardResponse.swift */,
				9E3DDE942BDD46F60003C234 /* DailyValueResponse.swift */,
			);
			path = Models;
			sourceTree = "<group>";
		};
		9E728A882BD3687F0045FF15 /* Extensions */ = {
			isa = PBXGroup;
			children = (
				9E728A892BD368850045FF15 /* String+Ext.swift */,
				9E728AA52BD391AF0045FF15 /* URLRequest+Ext.swift */,
				9E728AB52BD3AD9E0045FF15 /* Date+Ext.swift */,
				9E728B542BDA0FB10045FF15 /* Data+Ext.swift */,
				9E3DDE962BDD47540003C234 /* Dictionary+Ext.swift */,
				9E4473DE2BDFB26F0028DD5B /* Array+Ext.swift */,
				9E5A9B652BE3DE1C0020E9CC /* Bundle+Ext.swift */,
			);
			path = Extensions;
			sourceTree = "<group>";
		};
		9E728A8B2BD368980045FF15 /* API */ = {
			isa = PBXGroup;
			children = (
				9E728AA92BD392210045FF15 /* DashboardAPIs.swift */,
				9E728AAB2BD3922A0045FF15 /* DashboardAPIService.swift */,
				9E728AA72BD392090045FF15 /* Helpers */,
			);
			path = API;
			sourceTree = "<group>";
		};
		9E728A922BD36FA90045FF15 /* Strings */ = {
			isa = PBXGroup;
			children = (
				9E728A932BD36FC00045FF15 /* BibbiString.swift */,
			);
			path = Strings;
			sourceTree = "<group>";
		};
		9E728A972BD3713E0045FF15 /* Types */ = {
			isa = PBXGroup;
			children = (
				9E728A9F2BD37D1D0045FF15 /* APIConfigType.swift */,
				9E728AA12BD37DD60045FF15 /* APIServiceType.swift */,
			);
			path = Types;
			sourceTree = "<group>";
		};
		9E728AA72BD392090045FF15 /* Helpers */ = {
			isa = PBXGroup;
			children = (
				9E728A8C2BD368AC0045FF15 /* API.swift */,
				9E728AA32BD383330045FF15 /* APISpec.swift */,
				9E728A9D2BD37D080045FF15 /* APIConfig.swift */,
				9E728A8F2BD368B70045FF15 /* APIService.swift */,
			);
			path = Helpers;
			sourceTree = "<group>";
		};
		9E728AA82BD392150045FF15 /* Helpers */ = {
			isa = PBXGroup;
			children = (
				9EE7DB082BE482DE0060CD3D /* Enums */,
				9E544FE12BDBCE9D00212FF6 /* Modifiers */,
				9E728B562BDA114B0045FF15 /* Dependencies */,
				9E728A972BD3713E0045FF15 /* Types */,
				9E728A922BD36FA90045FF15 /* Strings */,
				9E728A882BD3687F0045FF15 /* Extensions */,
			);
			path = Helpers;
			sourceTree = "<group>";
		};
		9E728B562BDA114B0045FF15 /* Dependencies */ = {
			isa = PBXGroup;
			children = (
				9E728B572BDA115A0045FF15 /* DashboardAPIClient.swift */,
				9E5A9B5B2BE3BACE0020E9CC /* DashboardChartsClient.swift */,
			);
			path = Dependencies;
			sourceTree = "<group>";
		};
		9E728B5B2BDA16410045FF15 /* Features */ = {
			isa = PBXGroup;
			children = (
				9E728B522BDA0AF60045FF15 /* Dashboard.swift */,
				9E4473E42BDFDC8D0028DD5B /* DashboardTopBar.swift */,
				9E4473E22BDFD7540028DD5B /* DashboardValue.swift */,
				9E4473E02BDFC5DA0028DD5B /* DashboardCharts.swift */,
			);
			path = Features;
			sourceTree = "<group>";
		};
		9EE7DB082BE482DE0060CD3D /* Enums */ = {
			isa = PBXGroup;
			children = (
				9E6447FD2BDAA42D005446BA /* DashboardValueType.swift */,
				9E5A9B512BE3B70F0020E9CC /* DashboardChartsType.swift */,
			);
			path = Enums;
			sourceTree = "<group>";
		};
/* End PBXGroup section */

/* Begin PBXNativeTarget section */
		9E728A6C2BD367510045FF15 /* BibbiAdmin */ = {
			isa = PBXNativeTarget;
			buildConfigurationList = 9E728A7B2BD367530045FF15 /* Build configuration list for PBXNativeTarget "BibbiAdmin" */;
			buildPhases = (
				9E728A692BD367510045FF15 /* Sources */,
				9E728A6A2BD367510045FF15 /* Frameworks */,
				9E728A6B2BD367510045FF15 /* Resources */,
			);
			buildRules = (
			);
			dependencies = (
			);
			name = BibbiAdmin;
			packageProductDependencies = (
				9E6447D82BDA4210005446BA /* ComposableArchitecture */,
				9E4473E62BDFE1600028DD5B /* ComposableArchitecture */,
				9E4473E82BDFE18A0028DD5B /* ComposableArchitecture */,
			);
			productName = BibbiAdmin;
			productReference = 9E728A6D2BD367510045FF15 /* BibbiAdmin.app */;
			productType = "com.apple.product-type.application";
		};
/* End PBXNativeTarget section */

/* Begin PBXProject section */
		9E728A652BD367510045FF15 /* Project object */ = {
			isa = PBXProject;
			attributes = {
				BuildIndependentTargetsInParallel = 1;
				LastSwiftUpdateCheck = 1510;
				LastUpgradeCheck = 1510;
				TargetAttributes = {
					9E728A6C2BD367510045FF15 = {
						CreatedOnToolsVersion = 15.1;
					};
				};
			};
			buildConfigurationList = 9E728A682BD367510045FF15 /* Build configuration list for PBXProject "BibbiAdmin" */;
			compatibilityVersion = "Xcode 14.0";
			developmentRegion = en;
			hasScannedForEncodings = 0;
			knownRegions = (
				en,
				Base,
			);
			mainGroup = 9E728A642BD367510045FF15;
			packageReferences = (
				9E6447D72BDA4210005446BA /* XCRemoteSwiftPackageReference "swift-composable-architecture" */,
			);
			productRefGroup = 9E728A6E2BD367510045FF15 /* Products */;
			projectDirPath = "";
			projectRoot = "";
			targets = (
				9E728A6C2BD367510045FF15 /* BibbiAdmin */,
			);
		};
/* End PBXProject section */

/* Begin PBXResourcesBuildPhase section */
		9E728A6B2BD367510045FF15 /* Resources */ = {
			isa = PBXResourcesBuildPhase;
			buildActionMask = 2147483647;
			files = (
				9E728A782BD367530045FF15 /* Preview Assets.xcassets in Resources */,
				9E728A752BD367530045FF15 /* Assets.xcassets in Resources */,
			);
			runOnlyForDeploymentPostprocessing = 0;
		};
/* End PBXResourcesBuildPhase section */

/* Begin PBXSourcesBuildPhase section */
		9E728A692BD367510045FF15 /* Sources */ = {
			isa = PBXSourcesBuildPhase;
			buildActionMask = 2147483647;
			files = (
				9E4473E32BDFD7540028DD5B /* DashboardValue.swift in Sources */,
				9E728AA02BD37D1D0045FF15 /* APIConfigType.swift in Sources */,
				9E3DDE932BDD43F20003C234 /* DashboardChartsView.swift in Sources */,
				9E5A9B662BE3DE1C0020E9CC /* Bundle+Ext.swift in Sources */,
				9E728AB22BD395C30045FF15 /* AdminDailyDashboardResponse.swift in Sources */,
				9E6447FE2BDAA42D005446BA /* DashboardValueType.swift in Sources */,
				9E728AB02BD393BE0045FF15 /* DashboardDistributionResponse.swift in Sources */,
				9E728AA22BD37DD60045FF15 /* APIServiceType.swift in Sources */,
				9E728B552BDA0FB10045FF15 /* Data+Ext.swift in Sources */,
				9E728AAA2BD392210045FF15 /* DashboardAPIs.swift in Sources */,
				9E728A942BD36FC00045FF15 /* BibbiString.swift in Sources */,
				9E3DDE972BDD47540003C234 /* Dictionary+Ext.swift in Sources */,
				9E728A812BD368140045FF15 /* DashboardView.swift in Sources */,
				9E544FE32BDBCEC000212FF6 /* RoundedBoxStyle.swift in Sources */,
				9E728A712BD367510045FF15 /* BibbiAdminApp.swift in Sources */,
				9E728B532BDA0AF60045FF15 /* Dashboard.swift in Sources */,
				9E728B582BDA115A0045FF15 /* DashboardAPIClient.swift in Sources */,
				9E728AAC2BD3922A0045FF15 /* DashboardAPIService.swift in Sources */,
				9E5A9B682BE3E10B0020E9CC /* DashboardSettings.swift in Sources */,
				9E4473E12BDFC5DA0028DD5B /* DashboardCharts.swift in Sources */,
				9E728A872BD368750045FF15 /* AdminDashboardResponse.swift in Sources */,
				9E6447FC2BDAA004005446BA /* DashboardValueBoxView.swift in Sources */,
				9E728A9E2BD37D080045FF15 /* APIConfig.swift in Sources */,
				9E5A9B642BE3D6C00020E9CC /* SettingsView.swift in Sources */,
				9E728A8A2BD368850045FF15 /* String+Ext.swift in Sources */,
				9E5A9B5C2BE3BACE0020E9CC /* DashboardChartsClient.swift in Sources */,
				9E728AA42BD383330045FF15 /* APISpec.swift in Sources */,
				9E4473DF2BDFB26F0028DD5B /* Array+Ext.swift in Sources */,
				9E728AB62BD3AD9E0045FF15 /* Date+Ext.swift in Sources */,
				9E4473E52BDFDC8D0028DD5B /* DashboardTopBar.swift in Sources */,
				9E728A902BD368B70045FF15 /* APIService.swift in Sources */,
				9E3DDE952BDD46F60003C234 /* DailyValueResponse.swift in Sources */,
				9E544FE02BDBC76000212FF6 /* FamilyDistributionBoxView.swift in Sources */,
				9E5A9B522BE3B70F0020E9CC /* DashboardChartsType.swift in Sources */,
				9E728ABB2BD3ECE00045FF15 /* DashboardTopBarView.swift in Sources */,
				9E728AA62BD391AF0045FF15 /* URLRequest+Ext.swift in Sources */,
				9E728A8D2BD368AC0045FF15 /* API.swift in Sources */,
				9E728AAE2BD393AF0045FF15 /* DashboardValueResponse.swift in Sources */,
			);
			runOnlyForDeploymentPostprocessing = 0;
		};
/* End PBXSourcesBuildPhase section */

/* Begin XCBuildConfiguration section */
		9E728A792BD367530045FF15 /* Debug */ = {
			isa = XCBuildConfiguration;
			buildSettings = {
				ALWAYS_SEARCH_USER_PATHS = NO;
				ASSETCATALOG_COMPILER_GENERATE_SWIFT_ASSET_SYMBOL_EXTENSIONS = YES;
				CLANG_ANALYZER_NONNULL = YES;
				CLANG_ANALYZER_NUMBER_OBJECT_CONVERSION = YES_AGGRESSIVE;
				CLANG_CXX_LANGUAGE_STANDARD = "gnu++20";
				CLANG_ENABLE_MODULES = YES;
				CLANG_ENABLE_OBJC_ARC = YES;
				CLANG_ENABLE_OBJC_WEAK = YES;
				CLANG_WARN_BLOCK_CAPTURE_AUTORELEASING = YES;
				CLANG_WARN_BOOL_CONVERSION = YES;
				CLANG_WARN_COMMA = YES;
				CLANG_WARN_CONSTANT_CONVERSION = YES;
				CLANG_WARN_DEPRECATED_OBJC_IMPLEMENTATIONS = YES;
				CLANG_WARN_DIRECT_OBJC_ISA_USAGE = YES_ERROR;
				CLANG_WARN_DOCUMENTATION_COMMENTS = YES;
				CLANG_WARN_EMPTY_BODY = YES;
				CLANG_WARN_ENUM_CONVERSION = YES;
				CLANG_WARN_INFINITE_RECURSION = YES;
				CLANG_WARN_INT_CONVERSION = YES;
				CLANG_WARN_NON_LITERAL_NULL_CONVERSION = YES;
				CLANG_WARN_OBJC_IMPLICIT_RETAIN_SELF = YES;
				CLANG_WARN_OBJC_LITERAL_CONVERSION = YES;
				CLANG_WARN_OBJC_ROOT_CLASS = YES_ERROR;
				CLANG_WARN_QUOTED_INCLUDE_IN_FRAMEWORK_HEADER = YES;
				CLANG_WARN_RANGE_LOOP_ANALYSIS = YES;
				CLANG_WARN_STRICT_PROTOTYPES = YES;
				CLANG_WARN_SUSPICIOUS_MOVE = YES;
				CLANG_WARN_UNGUARDED_AVAILABILITY = YES_AGGRESSIVE;
				CLANG_WARN_UNREACHABLE_CODE = YES;
				CLANG_WARN__DUPLICATE_METHOD_MATCH = YES;
				COPY_PHASE_STRIP = NO;
				DEBUG_INFORMATION_FORMAT = dwarf;
				ENABLE_STRICT_OBJC_MSGSEND = YES;
				ENABLE_TESTABILITY = YES;
				ENABLE_USER_SCRIPT_SANDBOXING = YES;
				GCC_C_LANGUAGE_STANDARD = gnu17;
				GCC_DYNAMIC_NO_PIC = NO;
				GCC_NO_COMMON_BLOCKS = YES;
				GCC_OPTIMIZATION_LEVEL = 0;
				GCC_PREPROCESSOR_DEFINITIONS = (
					"DEBUG=1",
					"$(inherited)",
				);
				GCC_WARN_64_TO_32_BIT_CONVERSION = YES;
				GCC_WARN_ABOUT_RETURN_TYPE = YES_ERROR;
				GCC_WARN_UNDECLARED_SELECTOR = YES;
				GCC_WARN_UNINITIALIZED_AUTOS = YES_AGGRESSIVE;
				GCC_WARN_UNUSED_FUNCTION = YES;
				GCC_WARN_UNUSED_VARIABLE = YES;
				IPHONEOS_DEPLOYMENT_TARGET = 17.2;
				LOCALIZATION_PREFERS_STRING_CATALOGS = YES;
				MTL_ENABLE_DEBUG_INFO = INCLUDE_SOURCE;
				MTL_FAST_MATH = YES;
				ONLY_ACTIVE_ARCH = YES;
				SDKROOT = iphoneos;
				SWIFT_ACTIVE_COMPILATION_CONDITIONS = "DEBUG $(inherited)";
				SWIFT_OPTIMIZATION_LEVEL = "-Onone";
			};
			name = Debug;
		};
		9E728A7A2BD367530045FF15 /* Release */ = {
			isa = XCBuildConfiguration;
			buildSettings = {
				ALWAYS_SEARCH_USER_PATHS = NO;
				ASSETCATALOG_COMPILER_GENERATE_SWIFT_ASSET_SYMBOL_EXTENSIONS = YES;
				CLANG_ANALYZER_NONNULL = YES;
				CLANG_ANALYZER_NUMBER_OBJECT_CONVERSION = YES_AGGRESSIVE;
				CLANG_CXX_LANGUAGE_STANDARD = "gnu++20";
				CLANG_ENABLE_MODULES = YES;
				CLANG_ENABLE_OBJC_ARC = YES;
				CLANG_ENABLE_OBJC_WEAK = YES;
				CLANG_WARN_BLOCK_CAPTURE_AUTORELEASING = YES;
				CLANG_WARN_BOOL_CONVERSION = YES;
				CLANG_WARN_COMMA = YES;
				CLANG_WARN_CONSTANT_CONVERSION = YES;
				CLANG_WARN_DEPRECATED_OBJC_IMPLEMENTATIONS = YES;
				CLANG_WARN_DIRECT_OBJC_ISA_USAGE = YES_ERROR;
				CLANG_WARN_DOCUMENTATION_COMMENTS = YES;
				CLANG_WARN_EMPTY_BODY = YES;
				CLANG_WARN_ENUM_CONVERSION = YES;
				CLANG_WARN_INFINITE_RECURSION = YES;
				CLANG_WARN_INT_CONVERSION = YES;
				CLANG_WARN_NON_LITERAL_NULL_CONVERSION = YES;
				CLANG_WARN_OBJC_IMPLICIT_RETAIN_SELF = YES;
				CLANG_WARN_OBJC_LITERAL_CONVERSION = YES;
				CLANG_WARN_OBJC_ROOT_CLASS = YES_ERROR;
				CLANG_WARN_QUOTED_INCLUDE_IN_FRAMEWORK_HEADER = YES;
				CLANG_WARN_RANGE_LOOP_ANALYSIS = YES;
				CLANG_WARN_STRICT_PROTOTYPES = YES;
				CLANG_WARN_SUSPICIOUS_MOVE = YES;
				CLANG_WARN_UNGUARDED_AVAILABILITY = YES_AGGRESSIVE;
				CLANG_WARN_UNREACHABLE_CODE = YES;
				CLANG_WARN__DUPLICATE_METHOD_MATCH = YES;
				COPY_PHASE_STRIP = NO;
				DEBUG_INFORMATION_FORMAT = "dwarf-with-dsym";
				ENABLE_NS_ASSERTIONS = NO;
				ENABLE_STRICT_OBJC_MSGSEND = YES;
				ENABLE_USER_SCRIPT_SANDBOXING = YES;
				GCC_C_LANGUAGE_STANDARD = gnu17;
				GCC_NO_COMMON_BLOCKS = YES;
				GCC_WARN_64_TO_32_BIT_CONVERSION = YES;
				GCC_WARN_ABOUT_RETURN_TYPE = YES_ERROR;
				GCC_WARN_UNDECLARED_SELECTOR = YES;
				GCC_WARN_UNINITIALIZED_AUTOS = YES_AGGRESSIVE;
				GCC_WARN_UNUSED_FUNCTION = YES;
				GCC_WARN_UNUSED_VARIABLE = YES;
				IPHONEOS_DEPLOYMENT_TARGET = 17.2;
				LOCALIZATION_PREFERS_STRING_CATALOGS = YES;
				MTL_ENABLE_DEBUG_INFO = NO;
				MTL_FAST_MATH = YES;
				SDKROOT = iphoneos;
				SWIFT_COMPILATION_MODE = wholemodule;
				VALIDATE_PRODUCT = YES;
			};
			name = Release;
		};
		9E728A7C2BD367530045FF15 /* Debug */ = {
			isa = XCBuildConfiguration;
			buildSettings = {
				ASSETCATALOG_COMPILER_APPICON_NAME = AppIcon;
				ASSETCATALOG_COMPILER_GLOBAL_ACCENT_COLOR_NAME = AccentColor;
				CODE_SIGN_STYLE = Automatic;
				CURRENT_PROJECT_VERSION = 1;
				DEVELOPMENT_ASSET_PATHS = "\"BibbiAdmin/Preview Content\"";
				DEVELOPMENT_TEAM = P9P4WJ623F;
				ENABLE_PREVIEWS = YES;
				GENERATE_INFOPLIST_FILE = YES;
				INFOPLIST_KEY_CFBundleDisplayName = "삐삐";
				INFOPLIST_KEY_LSApplicationCategoryType = "public.app-category.business";
				INFOPLIST_KEY_UIApplicationSceneManifest_Generation = YES;
				INFOPLIST_KEY_UIApplicationSupportsIndirectInputEvents = YES;
				INFOPLIST_KEY_UILaunchScreen_Generation = YES;
				INFOPLIST_KEY_UISupportedInterfaceOrientations = "UIInterfaceOrientationLandscapeLeft UIInterfaceOrientationLandscapeRight UIInterfaceOrientationPortrait";
				INFOPLIST_KEY_UISupportedInterfaceOrientations_iPad = "UIInterfaceOrientationPortrait UIInterfaceOrientationPortraitUpsideDown";
				IPHONEOS_DEPLOYMENT_TARGET = 17;
				LD_RUNPATH_SEARCH_PATHS = (
					"$(inherited)",
					"@executable_path/Frameworks",
				);
				MACOSX_DEPLOYMENT_TARGET = 14;
				MARKETING_VERSION = 1.0;
				PRODUCT_BUNDLE_IDENTIFIER = com.bibbiAdmin;
				"PRODUCT_BUNDLE_IDENTIFIER[sdk=iphoneos*]" = com.bibbiAdmin.ios;
				"PRODUCT_BUNDLE_IDENTIFIER[sdk=macosx*]" = com.bibbiAdmin.mac;
				PRODUCT_NAME = "$(TARGET_NAME)";
				SUPPORTED_PLATFORMS = "iphoneos iphonesimulator macosx";
				SUPPORTS_MACCATALYST = NO;
				SUPPORTS_MAC_DESIGNED_FOR_IPHONE_IPAD = NO;
				SWIFT_EMIT_LOC_STRINGS = YES;
				SWIFT_VERSION = 5.0;
				TARGETED_DEVICE_FAMILY = 2;
			};
			name = Debug;
		};
		9E728A7D2BD367530045FF15 /* Release */ = {
			isa = XCBuildConfiguration;
			buildSettings = {
				ASSETCATALOG_COMPILER_APPICON_NAME = AppIcon;
				ASSETCATALOG_COMPILER_GLOBAL_ACCENT_COLOR_NAME = AccentColor;
				CODE_SIGN_STYLE = Automatic;
				CURRENT_PROJECT_VERSION = 1;
				DEVELOPMENT_ASSET_PATHS = "\"BibbiAdmin/Preview Content\"";
				DEVELOPMENT_TEAM = P9P4WJ623F;
				ENABLE_PREVIEWS = YES;
				GENERATE_INFOPLIST_FILE = YES;
				INFOPLIST_KEY_CFBundleDisplayName = "삐삐";
				INFOPLIST_KEY_LSApplicationCategoryType = "public.app-category.business";
				INFOPLIST_KEY_UIApplicationSceneManifest_Generation = YES;
				INFOPLIST_KEY_UIApplicationSupportsIndirectInputEvents = YES;
				INFOPLIST_KEY_UILaunchScreen_Generation = YES;
				INFOPLIST_KEY_UISupportedInterfaceOrientations = "UIInterfaceOrientationLandscapeLeft UIInterfaceOrientationLandscapeRight UIInterfaceOrientationPortrait";
				INFOPLIST_KEY_UISupportedInterfaceOrientations_iPad = "UIInterfaceOrientationPortrait UIInterfaceOrientationPortraitUpsideDown";
				IPHONEOS_DEPLOYMENT_TARGET = 17;
				LD_RUNPATH_SEARCH_PATHS = (
					"$(inherited)",
					"@executable_path/Frameworks",
				);
				MACOSX_DEPLOYMENT_TARGET = 14;
				MARKETING_VERSION = 1.0;
				PRODUCT_BUNDLE_IDENTIFIER = com.bibbiAdmin;
				"PRODUCT_BUNDLE_IDENTIFIER[sdk=iphoneos*]" = com.bibbiAdmin.ios;
				"PRODUCT_BUNDLE_IDENTIFIER[sdk=macosx*]" = com.bibbiAdmin.mac;
				PRODUCT_NAME = "$(TARGET_NAME)";
				SUPPORTED_PLATFORMS = "iphoneos iphonesimulator macosx";
				SUPPORTS_MACCATALYST = NO;
				SUPPORTS_MAC_DESIGNED_FOR_IPHONE_IPAD = NO;
				SWIFT_EMIT_LOC_STRINGS = YES;
				SWIFT_VERSION = 5.0;
				TARGETED_DEVICE_FAMILY = 2;
			};
			name = Release;
		};
/* End XCBuildConfiguration section */

/* Begin XCConfigurationList section */
		9E728A682BD367510045FF15 /* Build configuration list for PBXProject "BibbiAdmin" */ = {
			isa = XCConfigurationList;
			buildConfigurations = (
				9E728A792BD367530045FF15 /* Debug */,
				9E728A7A2BD367530045FF15 /* Release */,
			);
			defaultConfigurationIsVisible = 0;
			defaultConfigurationName = Release;
		};
		9E728A7B2BD367530045FF15 /* Build configuration list for PBXNativeTarget "BibbiAdmin" */ = {
			isa = XCConfigurationList;
			buildConfigurations = (
				9E728A7C2BD367530045FF15 /* Debug */,
				9E728A7D2BD367530045FF15 /* Release */,
			);
			defaultConfigurationIsVisible = 0;
			defaultConfigurationName = Release;
		};
/* End XCConfigurationList section */

/* Begin XCRemoteSwiftPackageReference section */
		9E6447D72BDA4210005446BA /* XCRemoteSwiftPackageReference "swift-composable-architecture" */ = {
			isa = XCRemoteSwiftPackageReference;
			repositoryURL = "https://github.com/pointfreeco/swift-composable-architecture";
			requirement = {
				kind = upToNextMajorVersion;
				minimumVersion = 1.9.3;
			};
		};
/* End XCRemoteSwiftPackageReference section */

/* Begin XCSwiftPackageProductDependency section */
		9E4473E62BDFE1600028DD5B /* ComposableArchitecture */ = {
			isa = XCSwiftPackageProductDependency;
			package = 9E6447D72BDA4210005446BA /* XCRemoteSwiftPackageReference "swift-composable-architecture" */;
			productName = ComposableArchitecture;
		};
		9E4473E82BDFE18A0028DD5B /* ComposableArchitecture */ = {
			isa = XCSwiftPackageProductDependency;
			package = 9E6447D72BDA4210005446BA /* XCRemoteSwiftPackageReference "swift-composable-architecture" */;
			productName = ComposableArchitecture;
		};
		9E6447D82BDA4210005446BA /* ComposableArchitecture */ = {
			isa = XCSwiftPackageProductDependency;
			package = 9E6447D72BDA4210005446BA /* XCRemoteSwiftPackageReference "swift-composable-architecture" */;
			productName = ComposableArchitecture;
		};
/* End XCSwiftPackageProductDependency section */
	};
	rootObject = 9E728A652BD367510045FF15 /* Project object */;
}
